
Microsoft Visual Studio Solution File, Format Version 12.00
# Visual Studio 15
VisualStudioVersion = 15.0.26228.4
MinimumVisualStudioVersion = 10.0.40219.1
Project("{FAE04EC0-301F-11D3-BF4B-00C04F79EFBC}") = "CallCompliance.Web", "CallCompliance\CallCompliance.Web.csproj", "{E364D257-B365-426F-85F0-87B214641F48}"
EndProject
Project("{FAE04EC0-301F-11D3-BF4B-00C04F79EFBC}") = "CallCompliance.Tests", "CallCompliance.Tests\CallCompliance.Tests.csproj", "{81FEC026-B35B-4755-8C7A-4971C84152C6}"
EndProject
Project("{FAE04EC0-301F-11D3-BF4B-00C04F79EFBC}") = "CallCompliance.DAL", "CallCompliance.DAL\CallCompliance.DAL.csproj", "{0B1DFB09-31D7-436C-B1CF-3A48A0C05069}"
EndProject
Project("{FAE04EC0-301F-11D3-BF4B-00C04F79EFBC}") = "CallCompliance.Fx", "CallCompliance.Fx\CallCompliance.Fx.csproj", "{30B80D9D-8670-4CF1-97A2-7A1D57832C15}"
EndProject
Global
	GlobalSection(SolutionConfigurationPlatforms) = preSolution
		Debug|Any CPU = Debug|Any CPU
		Release|Any CPU = Release|Any CPU
	EndGlobalSection
	GlobalSection(ProjectConfigurationPlatforms) = postSolution
		{E364D257-B365-426F-85F0-87B214641F48}.Debug|Any CPU.ActiveCfg = Debug|Any CPU
		{E364D257-B365-426F-85F0-87B214641F48}.Debug|Any CPU.Build.0 = Debug|Any CPU
		{E364D257-B365-426F-85F0-87B214641F48}.Release|Any CPU.ActiveCfg = Release|Any CPU
		{E364D257-B365-426F-85F0-87B214641F48}.Release|Any CPU.Build.0 = Release|Any CPU
		{81FEC026-B35B-4755-8C7A-4971C84152C6}.Debug|Any CPU.ActiveCfg = Debug|Any CPU
		{81FEC026-B35B-4755-8C7A-4971C84152C6}.Debug|Any CPU.Build.0 = Debug|Any CPU
		{81FEC026-B35B-4755-8C7A-4971C84152C6}.Release|Any CPU.ActiveCfg = Release|Any CPU
		{81FEC026-B35B-4755-8C7A-4971C84152C6}.Release|Any CPU.Build.0 = Release|Any CPU
		{0B1DFB09-31D7-436C-B1CF-3A48A0C05069}.Debug|Any CPU.ActiveCfg = Debug|Any CPU
		{0B1DFB09-31D7-436C-B1CF-3A48A0C05069}.Debug|Any CPU.Build.0 = Debug|Any CPU
		{0B1DFB09-31D7-436C-B1CF-3A48A0C05069}.Release|Any CPU.ActiveCfg = Release|Any CPU
		{0B1DFB09-31D7-436C-B1CF-3A48A0C05069}.Release|Any CPU.Build.0 = Release|Any CPU
		{30B80D9D-8670-4CF1-97A2-7A1D57832C15}.Debug|Any CPU.ActiveCfg = Debug|Any CPU
		{30B80D9D-8670-4CF1-97A2-7A1D57832C15}.Debug|Any CPU.Build.0 = Debug|Any CPU
		{30B80D9D-8670-4CF1-97A2-7A1D57832C15}.Release|Any CPU.ActiveCfg = Release|Any CPU
		{30B80D9D-8670-4CF1-97A2-7A1D57832C15}.Release|Any CPU.Build.0 = Release|Any CPU
	EndGlobalSection
	GlobalSection(SolutionProperties) = preSolution
		HideSolutionNode = FALSE
	EndGlobalSection
EndGlobal
